
Microsoft Visual Studio Solution File, Format Version 12.00
# Visual Studio 15
VisualStudioVersion = 15.0.28010.2003
MinimumVisualStudioVersion = 10.0.40219.1
Project("{FAE04EC0-301F-11D3-BF4B-00C04F79EFBC}") = "NCDK-Excel", "NCDK-Excel\NCDK-Excel.csproj", "{EE857B06-2129-4BC6-B573-1D2F6D15E347}"
EndProject
Global
	GlobalSection(SolutionConfigurationPlatforms) = preSolution
		Debug|Any CPU = Debug|Any CPU
		Release|Any CPU = Release|Any CPU
	EndGlobalSection
	GlobalSection(ProjectConfigurationPlatforms) = postSolution
		{EE857B06-2129-4BC6-B573-1D2F6D15E347}.Debug|Any CPU.ActiveCfg = Debug|Any CPU
		{EE857B06-2129-4BC6-B573-1D2F6D15E347}.Debug|Any CPU.Build.0 = Debug|Any CPU
		{EE857B06-2129-4BC6-B573-1D2F6D15E347}.Release|Any CPU.ActiveCfg = Release|Any CPU
		{EE857B06-2129-4BC6-B573-1D2F6D15E347}.Release|Any CPU.Build.0 = Release|Any CPU
	EndGlobalSection
	GlobalSection(SolutionProperties) = preSolution
		HideSolutionNode = FALSE
	EndGlobalSection
	GlobalSection(ExtensibilityGlobals) = postSolution
		SolutionGuid = {AF71CC82-9FB5-4C1F-9D7C-D02812B30D3A}
	EndGlobalSection
EndGlobal
